
Microsoft Visual Studio Solution File, Format Version 12.00
Project("{FAE04EC0-301F-11D3-BF4B-00C04F79EFBC}") = "CurseProject", "CurseProject\CurseProject.csproj", "{115CB9F2-6A87-4851-AEF3-E5CDD6133493}"
EndProject
Global
	GlobalSection(SolutionConfigurationPlatforms) = preSolution
		Debug|Any CPU = Debug|Any CPU
		Release|Any CPU = Release|Any CPU
	EndGlobalSection
	GlobalSection(ProjectConfigurationPlatforms) = postSolution
		{115CB9F2-6A87-4851-AEF3-E5CDD6133493}.Debug|Any CPU.ActiveCfg = Debug|Any CPU
		{115CB9F2-6A87-4851-AEF3-E5CDD6133493}.Debug|Any CPU.Build.0 = Debug|Any CPU
		{115CB9F2-6A87-4851-AEF3-E5CDD6133493}.Release|Any CPU.ActiveCfg = Release|Any CPU
		{115CB9F2-6A87-4851-AEF3-E5CDD6133493}.Release|Any CPU.Build.0 = Release|Any CPU
	EndGlobalSection
EndGlobal
